{
  "name": "testnpmforcommandsrepo",
  "version": "1.0.0",
  "lockfileVersion": 3,
  "requires": true,
  "packages": {
    "": {
      "name": "testnpmforcommandsrepo",
      "version": "1.0.0",
      "license": "ISC",
      "dependencies": {
        "NpmForCommands": "git+https://github.com/MaxKessler5/NpmForCommands.git"
      }
    },
    "node_modules/NpmForCommands": {
      "name": "npmforcommands",
      "version": "1.0.0",
      "resolved": "git+ssh://git@github.com/MaxKessler5/NpmForCommands.git#cc69a62397fcfcd205f0eb84b492f2995646c97d",
      "license": "ISC"
    }
  }
}
